
Microsoft Visual Studio Solution File, Format Version 12.00
# Visual Studio Version 16
VisualStudioVersion = 16.0.33130.400
MinimumVisualStudioVersion = 10.0.40219.1
Project("{FAE04EC0-301F-11D3-BF4B-00C04F79EFBC}") = "Exercício de Abstratos", "Exercício de Abstratos\Exercício de Abstratos.csproj", "{3F4A6D60-1730-4B29-8C7C-ADD9377829EB}"
EndProject
Global
	GlobalSection(SolutionConfigurationPlatforms) = preSolution
		Debug|Any CPU = Debug|Any CPU
		Release|Any CPU = Release|Any CPU
	EndGlobalSection
	GlobalSection(ProjectConfigurationPlatforms) = postSolution
		{3F4A6D60-1730-4B29-8C7C-ADD9377829EB}.Debug|Any CPU.ActiveCfg = Debug|Any CPU
		{3F4A6D60-1730-4B29-8C7C-ADD9377829EB}.Debug|Any CPU.Build.0 = Debug|Any CPU
		{3F4A6D60-1730-4B29-8C7C-ADD9377829EB}.Release|Any CPU.ActiveCfg = Release|Any CPU
		{3F4A6D60-1730-4B29-8C7C-ADD9377829EB}.Release|Any CPU.Build.0 = Release|Any CPU
	EndGlobalSection
	GlobalSection(SolutionProperties) = preSolution
		HideSolutionNode = FALSE
	EndGlobalSection
	GlobalSection(ExtensibilityGlobals) = postSolution
		SolutionGuid = {C1198A9D-8BEA-4644-AA25-A9073C36D26C}
	EndGlobalSection
EndGlobal
